// !$*UTF8*$!
{
	archiveVersion = 1;
	classes = {
	};
	objectVersion = 55;
	objects = {

/* Begin PBXBuildFile section */
		A11DAAB427C5C3F700B8710C /* StationListView.swift in Sources */ = {isa = PBXBuildFile; fileRef = A11DAAB327C5C3F700B8710C /* StationListView.swift */; };
		A15E5D4C27C50DCA00D5DE61 /* HankyuApp.swift in Sources */ = {isa = PBXBuildFile; fileRef = A15E5D4B27C50DCA00D5DE61 /* HankyuApp.swift */; };
		A15E5D4E27C50DCA00D5DE61 /* ContentView.swift in Sources */ = {isa = PBXBuildFile; fileRef = A15E5D4D27C50DCA00D5DE61 /* ContentView.swift */; };
		A15E5D5027C50DCB00D5DE61 /* Assets.xcassets in Resources */ = {isa = PBXBuildFile; fileRef = A15E5D4F27C50DCB00D5DE61 /* Assets.xcassets */; };
		A15E5D5327C50DCB00D5DE61 /* Preview Assets.xcassets in Resources */ = {isa = PBXBuildFile; fileRef = A15E5D5227C50DCB00D5DE61 /* Preview Assets.xcassets */; };
		A15E5D5D27C50DCB00D5DE61 /* HankyuTests.swift in Sources */ = {isa = PBXBuildFile; fileRef = A15E5D5C27C50DCB00D5DE61 /* HankyuTests.swift */; };
		A15E5D6727C50DCB00D5DE61 /* HankyuUITests.swift in Sources */ = {isa = PBXBuildFile; fileRef = A15E5D6627C50DCB00D5DE61 /* HankyuUITests.swift */; };
		A15E5D6927C50DCB00D5DE61 /* HankyuUITestsLaunchTests.swift in Sources */ = {isa = PBXBuildFile; fileRef = A15E5D6827C50DCB00D5DE61 /* HankyuUITestsLaunchTests.swift */; };
		A15E5D7627C50DE100D5DE61 /* StationNumberView.swift in Sources */ = {isa = PBXBuildFile; fileRef = A15E5D7527C50DE100D5DE61 /* StationNumberView.swift */; };
		A169BE6027C5374D00FEF67D /* StationDetail.swift in Sources */ = {isa = PBXBuildFile; fileRef = A169BE5F27C5374D00FEF67D /* StationDetail.swift */; };
		A179C46527CD904600B23844 /* SpotView.swift in Sources */ = {isa = PBXBuildFile; fileRef = A179C46427CD904600B23844 /* SpotView.swift */; };
		A179C46A27CE17F300B23844 /* SpotRow.swift in Sources */ = {isa = PBXBuildFile; fileRef = A179C46927CE17F300B23844 /* SpotRow.swift */; };
		A179C46C27CE271300B23844 /* Spot.swift in Sources */ = {isa = PBXBuildFile; fileRef = A179C46B27CE271300B23844 /* Spot.swift */; };
		A179C47227CE392C00B23844 /* Spot.json in Resources */ = {isa = PBXBuildFile; fileRef = A179C47127CE392C00B23844 /* Spot.json */; };
		A17B758327C513E10039972A /* MapView.swift in Sources */ = {isa = PBXBuildFile; fileRef = A17B758227C513E10039972A /* MapView.swift */; };
		A17B758527C515A50039972A /* StationNameView.swift in Sources */ = {isa = PBXBuildFile; fileRef = A17B758427C515A50039972A /* StationNameView.swift */; };
		A17B759427C51EB70039972A /* Station.swift in Sources */ = {isa = PBXBuildFile; fileRef = A17B759327C51EB70039972A /* Station.swift */; };
		A17B759627C51F160039972A /* ModelData.swift in Sources */ = {isa = PBXBuildFile; fileRef = A17B759527C51F160039972A /* ModelData.swift */; };
		A17B759827C51F9D0039972A /* StationRow.swift in Sources */ = {isa = PBXBuildFile; fileRef = A17B759727C51F9D0039972A /* StationRow.swift */; };
		A17CB9BA27C941DD008DCEDE /* Line.swift in Sources */ = {isa = PBXBuildFile; fileRef = A17CB9B927C941DD008DCEDE /* Line.swift */; };
		A1886BBC27CCC60F00AEF59B /* Station_Kyoto.json in Resources */ = {isa = PBXBuildFile; fileRef = A1886BBB27CCC60F00AEF59B /* Station_Kyoto.json */; };
		A1886BBE27CCC61400AEF59B /* Station_Takarazuka.json in Resources */ = {isa = PBXBuildFile; fileRef = A1886BBD27CCC61400AEF59B /* Station_Takarazuka.json */; };
		A1886BC027CCC61C00AEF59B /* Station_Kobe.json in Resources */ = {isa = PBXBuildFile; fileRef = A1886BBF27CCC61C00AEF59B /* Station_Kobe.json */; };
		A192571627F0325C007FBB63 /* WidgetKit.framework in Frameworks */ = {isa = PBXBuildFile; fileRef = A192571527F0325C007FBB63 /* WidgetKit.framework */; };
		A192571827F0325C007FBB63 /* SwiftUI.framework in Frameworks */ = {isa = PBXBuildFile; fileRef = A192571727F0325C007FBB63 /* SwiftUI.framework */; };
		A192571B27F0325C007FBB63 /* HankyuWidget.swift in Sources */ = {isa = PBXBuildFile; fileRef = A192571A27F0325C007FBB63 /* HankyuWidget.swift */; };
		A192571E27F0325D007FBB63 /* Assets.xcassets in Resources */ = {isa = PBXBuildFile; fileRef = A192571D27F0325D007FBB63 /* Assets.xcassets */; };
		A192572027F0325D007FBB63 /* HankyuWidget.intentdefinition in Sources */ = {isa = PBXBuildFile; fileRef = A192571C27F0325C007FBB63 /* HankyuWidget.intentdefinition */; };
		A192572127F0325D007FBB63 /* HankyuWidget.intentdefinition in Sources */ = {isa = PBXBuildFile; fileRef = A192571C27F0325C007FBB63 /* HankyuWidget.intentdefinition */; };
		A192572427F0325D007FBB63 /* HankyuWidgetExtension.appex in Embed App Extensions */ = {isa = PBXBuildFile; fileRef = A192571327F0325C007FBB63 /* HankyuWidgetExtension.appex */; settings = {ATTRIBUTES = (RemoveHeadersOnCopy, ); }; };
		A192573727F04FA5007FBB63 /* Spot.swift in Sources */ = {isa = PBXBuildFile; fileRef = A179C46B27CE271300B23844 /* Spot.swift */; };
		A192573927F04FA5007FBB63 /* Line.swift in Sources */ = {isa = PBXBuildFile; fileRef = A17CB9B927C941DD008DCEDE /* Line.swift */; };
		A192573A27F04FA5007FBB63 /* ModelData.swift in Sources */ = {isa = PBXBuildFile; fileRef = A17B759527C51F160039972A /* ModelData.swift */; };
		A192573B27F04FAD007FBB63 /* Station_Takarazuka.json in Resources */ = {isa = PBXBuildFile; fileRef = A1886BBD27CCC61400AEF59B /* Station_Takarazuka.json */; };
		A192573C27F04FAD007FBB63 /* Station_Kobe.json in Resources */ = {isa = PBXBuildFile; fileRef = A1886BBF27CCC61C00AEF59B /* Station_Kobe.json */; };
		A192573D27F04FAD007FBB63 /* Station_Kyoto.json in Resources */ = {isa = PBXBuildFile; fileRef = A1886BBB27CCC60F00AEF59B /* Station_Kyoto.json */; };
		A192573F27F0515C007FBB63 /* LineWidgetView.swift in Sources */ = {isa = PBXBuildFile; fileRef = A192573E27F0515C007FBB63 /* LineWidgetView.swift */; };
		A192574027F0517F007FBB63 /* LineWidgetView.swift in Sources */ = {isa = PBXBuildFile; fileRef = A192573E27F0515C007FBB63 /* LineWidgetView.swift */; };
		A192574227F051AC007FBB63 /* LineRowWidgetView.swift in Sources */ = {isa = PBXBuildFile; fileRef = A192574127F051AC007FBB63 /* LineRowWidgetView.swift */; };
		A192574327F051AC007FBB63 /* LineRowWidgetView.swift in Sources */ = {isa = PBXBuildFile; fileRef = A192574127F051AC007FBB63 /* LineRowWidgetView.swift */; };
		A192574427F05861007FBB63 /* Station.swift in Sources */ = {isa = PBXBuildFile; fileRef = A17B759327C51EB70039972A /* Station.swift */; };
		A1ABAEC627CC8397004B4C92 /* LineTabView.swift in Sources */ = {isa = PBXBuildFile; fileRef = A1ABAEC527CC8397004B4C92 /* LineTabView.swift */; };
		A1FA605427C8F13B00181AF3 /* NextStationView.swift in Sources */ = {isa = PBXBuildFile; fileRef = A1FA605327C8F13B00181AF3 /* NextStationView.swift */; };
		A1FA605627C8FD2A00181AF3 /* PreviousStationView.swift in Sources */ = {isa = PBXBuildFile; fileRef = A1FA605527C8FD2A00181AF3 /* PreviousStationView.swift */; };
		A1FA605827C8FF3E00181AF3 /* NeighborStationView.swift in Sources */ = {isa = PBXBuildFile; fileRef = A1FA605727C8FF3E00181AF3 /* NeighborStationView.swift */; };
		A1FEE7BF27C8E53D00EE4716 /* LikeButton.swift in Sources */ = {isa = PBXBuildFile; fileRef = A1FEE7BE27C8E53D00EE4716 /* LikeButton.swift */; };
/* End PBXBuildFile section */

/* Begin PBXContainerItemProxy section */
		A15E5D5927C50DCB00D5DE61 /* PBXContainerItemProxy */ = {
			isa = PBXContainerItemProxy;
			containerPortal = A15E5D4027C50DCA00D5DE61 /* Project object */;
			proxyType = 1;
			remoteGlobalIDString = A15E5D4727C50DCA00D5DE61;
			remoteInfo = Hankyu;
		};
		A15E5D6327C50DCB00D5DE61 /* PBXContainerItemProxy */ = {
			isa = PBXContainerItemProxy;
			containerPortal = A15E5D4027C50DCA00D5DE61 /* Project object */;
			proxyType = 1;
			remoteGlobalIDString = A15E5D4727C50DCA00D5DE61;
			remoteInfo = Hankyu;
		};
		A192572227F0325D007FBB63 /* PBXContainerItemProxy */ = {
			isa = PBXContainerItemProxy;
			containerPortal = A15E5D4027C50DCA00D5DE61 /* Project object */;
			proxyType = 1;
			remoteGlobalIDString = A192571227F0325C007FBB63;
			remoteInfo = HankyuWidgetExtension;
		};
/* End PBXContainerItemProxy section */

/* Begin PBXCopyFilesBuildPhase section */
		A192572527F0325D007FBB63 /* Embed App Extensions */ = {
			isa = PBXCopyFilesBuildPhase;
			buildActionMask = 2147483647;
			dstPath = "";
			dstSubfolderSpec = 13;
			files = (
				A192572427F0325D007FBB63 /* HankyuWidgetExtension.appex in Embed App Extensions */,
			);
			name = "Embed App Extensions";
			runOnlyForDeploymentPostprocessing = 0;
		};
/* End PBXCopyFilesBuildPhase section */

/* Begin PBXFileReference section */
		A11DAAB327C5C3F700B8710C /* StationListView.swift */ = {isa = PBXFileReference; lastKnownFileType = sourcecode.swift; path = StationListView.swift; sourceTree = "<group>"; };
		A15E5D4827C50DCA00D5DE61 /* Hankyu.app */ = {isa = PBXFileReference; explicitFileType = wrapper.application; includeInIndex = 0; path = Hankyu.app; sourceTree = BUILT_PRODUCTS_DIR; };
		A15E5D4B27C50DCA00D5DE61 /* HankyuApp.swift */ = {isa = PBXFileReference; lastKnownFileType = sourcecode.swift; path = HankyuApp.swift; sourceTree = "<group>"; };
		A15E5D4D27C50DCA00D5DE61 /* ContentView.swift */ = {isa = PBXFileReference; lastKnownFileType = sourcecode.swift; path = ContentView.swift; sourceTree = "<group>"; };
		A15E5D4F27C50DCB00D5DE61 /* Assets.xcassets */ = {isa = PBXFileReference; lastKnownFileType = folder.assetcatalog; path = Assets.xcassets; sourceTree = "<group>"; };
		A15E5D5227C50DCB00D5DE61 /* Preview Assets.xcassets */ = {isa = PBXFileReference; lastKnownFileType = folder.assetcatalog; path = "Preview Assets.xcassets"; sourceTree = "<group>"; };
		A15E5D5827C50DCB00D5DE61 /* HankyuTests.xctest */ = {isa = PBXFileReference; explicitFileType = wrapper.cfbundle; includeInIndex = 0; path = HankyuTests.xctest; sourceTree = BUILT_PRODUCTS_DIR; };
		A15E5D5C27C50DCB00D5DE61 /* HankyuTests.swift */ = {isa = PBXFileReference; lastKnownFileType = sourcecode.swift; path = HankyuTests.swift; sourceTree = "<group>"; };
		A15E5D6227C50DCB00D5DE61 /* HankyuUITests.xctest */ = {isa = PBXFileReference; explicitFileType = wrapper.cfbundle; includeInIndex = 0; path = HankyuUITests.xctest; sourceTree = BUILT_PRODUCTS_DIR; };
		A15E5D6627C50DCB00D5DE61 /* HankyuUITests.swift */ = {isa = PBXFileReference; lastKnownFileType = sourcecode.swift; path = HankyuUITests.swift; sourceTree = "<group>"; };
		A15E5D6827C50DCB00D5DE61 /* HankyuUITestsLaunchTests.swift */ = {isa = PBXFileReference; lastKnownFileType = sourcecode.swift; path = HankyuUITestsLaunchTests.swift; sourceTree = "<group>"; };
		A15E5D7527C50DE100D5DE61 /* StationNumberView.swift */ = {isa = PBXFileReference; lastKnownFileType = sourcecode.swift; path = StationNumberView.swift; sourceTree = "<group>"; };
		A169BE5F27C5374D00FEF67D /* StationDetail.swift */ = {isa = PBXFileReference; lastKnownFileType = sourcecode.swift; path = StationDetail.swift; sourceTree = "<group>"; };
		A179C46427CD904600B23844 /* SpotView.swift */ = {isa = PBXFileReference; lastKnownFileType = sourcecode.swift; path = SpotView.swift; sourceTree = "<group>"; };
		A179C46927CE17F300B23844 /* SpotRow.swift */ = {isa = PBXFileReference; lastKnownFileType = sourcecode.swift; path = SpotRow.swift; sourceTree = "<group>"; };
		A179C46B27CE271300B23844 /* Spot.swift */ = {isa = PBXFileReference; lastKnownFileType = sourcecode.swift; path = Spot.swift; sourceTree = "<group>"; };
		A179C47127CE392C00B23844 /* Spot.json */ = {isa = PBXFileReference; fileEncoding = 4; lastKnownFileType = text.json; path = Spot.json; sourceTree = "<group>"; };
		A17B758227C513E10039972A /* MapView.swift */ = {isa = PBXFileReference; lastKnownFileType = sourcecode.swift; path = MapView.swift; sourceTree = "<group>"; };
		A17B758427C515A50039972A /* StationNameView.swift */ = {isa = PBXFileReference; lastKnownFileType = sourcecode.swift; path = StationNameView.swift; sourceTree = "<group>"; };
		A17B759327C51EB70039972A /* Station.swift */ = {isa = PBXFileReference; lastKnownFileType = sourcecode.swift; path = Station.swift; sourceTree = "<group>"; };
		A17B759527C51F160039972A /* ModelData.swift */ = {isa = PBXFileReference; lastKnownFileType = sourcecode.swift; path = ModelData.swift; sourceTree = "<group>"; };
		A17B759727C51F9D0039972A /* StationRow.swift */ = {isa = PBXFileReference; lastKnownFileType = sourcecode.swift; path = StationRow.swift; sourceTree = "<group>"; };
		A17CB9B927C941DD008DCEDE /* Line.swift */ = {isa = PBXFileReference; lastKnownFileType = sourcecode.swift; path = Line.swift; sourceTree = "<group>"; };
		A1886BBB27CCC60F00AEF59B /* Station_Kyoto.json */ = {isa = PBXFileReference; fileEncoding = 4; lastKnownFileType = text.json; path = Station_Kyoto.json; sourceTree = "<group>"; };
		A1886BBD27CCC61400AEF59B /* Station_Takarazuka.json */ = {isa = PBXFileReference; fileEncoding = 4; lastKnownFileType = text.json; path = Station_Takarazuka.json; sourceTree = "<group>"; };
		A1886BBF27CCC61C00AEF59B /* Station_Kobe.json */ = {isa = PBXFileReference; fileEncoding = 4; lastKnownFileType = text.json; path = Station_Kobe.json; sourceTree = "<group>"; };
		A192571327F0325C007FBB63 /* HankyuWidgetExtension.appex */ = {isa = PBXFileReference; explicitFileType = "wrapper.app-extension"; includeInIndex = 0; path = HankyuWidgetExtension.appex; sourceTree = BUILT_PRODUCTS_DIR; };
		A192571527F0325C007FBB63 /* WidgetKit.framework */ = {isa = PBXFileReference; lastKnownFileType = wrapper.framework; name = WidgetKit.framework; path = System/Library/Frameworks/WidgetKit.framework; sourceTree = SDKROOT; };
		A192571727F0325C007FBB63 /* SwiftUI.framework */ = {isa = PBXFileReference; lastKnownFileType = wrapper.framework; name = SwiftUI.framework; path = System/Library/Frameworks/SwiftUI.framework; sourceTree = SDKROOT; };
		A192571A27F0325C007FBB63 /* HankyuWidget.swift */ = {isa = PBXFileReference; lastKnownFileType = sourcecode.swift; path = HankyuWidget.swift; sourceTree = "<group>"; };
		A192571C27F0325C007FBB63 /* HankyuWidget.intentdefinition */ = {isa = PBXFileReference; lastKnownFileType = file.intentdefinition; path = HankyuWidget.intentdefinition; sourceTree = "<group>"; };
		A192571D27F0325D007FBB63 /* Assets.xcassets */ = {isa = PBXFileReference; lastKnownFileType = folder.assetcatalog; path = Assets.xcassets; sourceTree = "<group>"; };
		A192571F27F0325D007FBB63 /* Info.plist */ = {isa = PBXFileReference; lastKnownFileType = text.plist.xml; path = Info.plist; sourceTree = "<group>"; };
		A192573E27F0515C007FBB63 /* LineWidgetView.swift */ = {isa = PBXFileReference; lastKnownFileType = sourcecode.swift; path = LineWidgetView.swift; sourceTree = "<group>"; };
		A192574127F051AC007FBB63 /* LineRowWidgetView.swift */ = {isa = PBXFileReference; lastKnownFileType = sourcecode.swift; path = LineRowWidgetView.swift; sourceTree = "<group>"; };
		A1ABAEC527CC8397004B4C92 /* LineTabView.swift */ = {isa = PBXFileReference; lastKnownFileType = sourcecode.swift; path = LineTabView.swift; sourceTree = "<group>"; };
		A1FA605327C8F13B00181AF3 /* NextStationView.swift */ = {isa = PBXFileReference; lastKnownFileType = sourcecode.swift; path = NextStationView.swift; sourceTree = "<group>"; };
		A1FA605527C8FD2A00181AF3 /* PreviousStationView.swift */ = {isa = PBXFileReference; lastKnownFileType = sourcecode.swift; path = PreviousStationView.swift; sourceTree = "<group>"; };
		A1FA605727C8FF3E00181AF3 /* NeighborStationView.swift */ = {isa = PBXFileReference; lastKnownFileType = sourcecode.swift; path = NeighborStationView.swift; sourceTree = "<group>"; };
		A1FEE7BE27C8E53D00EE4716 /* LikeButton.swift */ = {isa = PBXFileReference; lastKnownFileType = sourcecode.swift; path = LikeButton.swift; sourceTree = "<group>"; };
/* End PBXFileReference section */

/* Begin PBXFrameworksBuildPhase section */
		A15E5D4527C50DCA00D5DE61 /* Frameworks */ = {
			isa = PBXFrameworksBuildPhase;
			buildActionMask = 2147483647;
			files = (
			);
			runOnlyForDeploymentPostprocessing = 0;
		};
		A15E5D5527C50DCB00D5DE61 /* Frameworks */ = {
			isa = PBXFrameworksBuildPhase;
			buildActionMask = 2147483647;
			files = (
			);
			runOnlyForDeploymentPostprocessing = 0;
		};
		A15E5D5F27C50DCB00D5DE61 /* Frameworks */ = {
			isa = PBXFrameworksBuildPhase;
			buildActionMask = 2147483647;
			files = (
			);
			runOnlyForDeploymentPostprocessing = 0;
		};
		A192571027F0325C007FBB63 /* Frameworks */ = {
			isa = PBXFrameworksBuildPhase;
			buildActionMask = 2147483647;
			files = (
				A192571827F0325C007FBB63 /* SwiftUI.framework in Frameworks */,
				A192571627F0325C007FBB63 /* WidgetKit.framework in Frameworks */,
			);
			runOnlyForDeploymentPostprocessing = 0;
		};
/* End PBXFrameworksBuildPhase section */

/* Begin PBXGroup section */
		A15E5D3F27C50DCA00D5DE61 = {
			isa = PBXGroup;
			children = (
				A15E5D4A27C50DCA00D5DE61 /* Hankyu */,
				A15E5D5B27C50DCB00D5DE61 /* HankyuTests */,
				A15E5D6527C50DCB00D5DE61 /* HankyuUITests */,
				A192571927F0325C007FBB63 /* HankyuWidget */,
				A192571427F0325C007FBB63 /* Frameworks */,
				A15E5D4927C50DCA00D5DE61 /* Products */,
			);
			sourceTree = "<group>";
		};
		A15E5D4927C50DCA00D5DE61 /* Products */ = {
			isa = PBXGroup;
			children = (
				A15E5D4827C50DCA00D5DE61 /* Hankyu.app */,
				A15E5D5827C50DCB00D5DE61 /* HankyuTests.xctest */,
				A15E5D6227C50DCB00D5DE61 /* HankyuUITests.xctest */,
				A192571327F0325C007FBB63 /* HankyuWidgetExtension.appex */,
			);
			name = Products;
			sourceTree = "<group>";
		};
		A15E5D4A27C50DCA00D5DE61 /* Hankyu */ = {
			isa = PBXGroup;
			children = (
				A15E5D4B27C50DCA00D5DE61 /* HankyuApp.swift */,
				A15E5D4D27C50DCA00D5DE61 /* ContentView.swift */,
				A1886BC227CCD8B700AEF59B /* Model */,
				A1886BC427CCD8E400AEF59B /* View */,
				A1886BC527CCD93300AEF59B /* Helper */,
				A1886BBD27CCC61400AEF59B /* Station_Takarazuka.json */,
				A1886BBF27CCC61C00AEF59B /* Station_Kobe.json */,
				A1886BBB27CCC60F00AEF59B /* Station_Kyoto.json */,
				A179C47127CE392C00B23844 /* Spot.json */,
				A15E5D4F27C50DCB00D5DE61 /* Assets.xcassets */,
				A15E5D5127C50DCB00D5DE61 /* Preview Content */,
			);
			path = Hankyu;
			sourceTree = "<group>";
		};
		A15E5D5127C50DCB00D5DE61 /* Preview Content */ = {
			isa = PBXGroup;
			children = (
				A15E5D5227C50DCB00D5DE61 /* Preview Assets.xcassets */,
			);
			path = "Preview Content";
			sourceTree = "<group>";
		};
		A15E5D5B27C50DCB00D5DE61 /* HankyuTests */ = {
			isa = PBXGroup;
			children = (
				A15E5D5C27C50DCB00D5DE61 /* HankyuTests.swift */,
			);
			path = HankyuTests;
			sourceTree = "<group>";
		};
		A15E5D6527C50DCB00D5DE61 /* HankyuUITests */ = {
			isa = PBXGroup;
			children = (
				A15E5D6627C50DCB00D5DE61 /* HankyuUITests.swift */,
				A15E5D6827C50DCB00D5DE61 /* HankyuUITestsLaunchTests.swift */,
			);
			path = HankyuUITests;
			sourceTree = "<group>";
		};
		A179C46627CE14ED00B23844 /* Spot */ = {
			isa = PBXGroup;
			children = (
				A179C46927CE17F300B23844 /* SpotRow.swift */,
			);
			path = Spot;
			sourceTree = "<group>";
		};
		A1886BC227CCD8B700AEF59B /* Model */ = {
			isa = PBXGroup;
			children = (
				A17B759527C51F160039972A /* ModelData.swift */,
				A179C46B27CE271300B23844 /* Spot.swift */,
				A17CB9B927C941DD008DCEDE /* Line.swift */,
			);
			path = Model;
			sourceTree = "<group>";
		};
		A1886BC427CCD8E400AEF59B /* View */ = {
			isa = PBXGroup;
			children = (
				A11DAAB327C5C3F700B8710C /* StationListView.swift */,
				A179C46427CD904600B23844 /* SpotView.swift */,
				A169BE5F27C5374D00FEF67D /* StationDetail.swift */,
			);
			path = View;
			sourceTree = "<group>";
		};
		A1886BC527CCD93300AEF59B /* Helper */ = {
			isa = PBXGroup;
			children = (
				A179C46627CE14ED00B23844 /* Spot */,
				A17B759327C51EB70039972A /* Station.swift */,
				A1886BC627CCD9ED00AEF59B /* Station */,
				A1FEE7BE27C8E53D00EE4716 /* LikeButton.swift */,
				A1ABAEC527CC8397004B4C92 /* LineTabView.swift */,
				A17B758227C513E10039972A /* MapView.swift */,
			);
			path = Helper;
			sourceTree = "<group>";
		};
		A1886BC627CCD9ED00AEF59B /* Station */ = {
			isa = PBXGroup;
			children = (
				A17B758427C515A50039972A /* StationNameView.swift */,
				A15E5D7527C50DE100D5DE61 /* StationNumberView.swift */,
				A17B759727C51F9D0039972A /* StationRow.swift */,
				A1FA605327C8F13B00181AF3 /* NextStationView.swift */,
				A1FA605527C8FD2A00181AF3 /* PreviousStationView.swift */,
				A1FA605727C8FF3E00181AF3 /* NeighborStationView.swift */,
			);
			path = Station;
			sourceTree = "<group>";
		};
		A192571427F0325C007FBB63 /* Frameworks */ = {
			isa = PBXGroup;
			children = (
				A192571527F0325C007FBB63 /* WidgetKit.framework */,
				A192571727F0325C007FBB63 /* SwiftUI.framework */,
			);
			name = Frameworks;
			sourceTree = "<group>";
		};
		A192571927F0325C007FBB63 /* HankyuWidget */ = {
			isa = PBXGroup;
			children = (
				A192571A27F0325C007FBB63 /* HankyuWidget.swift */,
				A192573E27F0515C007FBB63 /* LineWidgetView.swift */,
				A192574127F051AC007FBB63 /* LineRowWidgetView.swift */,
				A192571C27F0325C007FBB63 /* HankyuWidget.intentdefinition */,
				A192571D27F0325D007FBB63 /* Assets.xcassets */,
				A192571F27F0325D007FBB63 /* Info.plist */,
			);
			path = HankyuWidget;
			sourceTree = "<group>";
		};
/* End PBXGroup section */

/* Begin PBXNativeTarget section */
		A15E5D4727C50DCA00D5DE61 /* Hankyu */ = {
			isa = PBXNativeTarget;
			buildConfigurationList = A15E5D6C27C50DCB00D5DE61 /* Build configuration list for PBXNativeTarget "Hankyu" */;
			buildPhases = (
				A15E5D4427C50DCA00D5DE61 /* Sources */,
				A15E5D4527C50DCA00D5DE61 /* Frameworks */,
				A15E5D4627C50DCA00D5DE61 /* Resources */,
				A192572527F0325D007FBB63 /* Embed App Extensions */,
			);
			buildRules = (
			);
			dependencies = (
				A192572327F0325D007FBB63 /* PBXTargetDependency */,
			);
			name = Hankyu;
			productName = Hankyu;
			productReference = A15E5D4827C50DCA00D5DE61 /* Hankyu.app */;
			productType = "com.apple.product-type.application";
		};
		A15E5D5727C50DCB00D5DE61 /* HankyuTests */ = {
			isa = PBXNativeTarget;
			buildConfigurationList = A15E5D6F27C50DCB00D5DE61 /* Build configuration list for PBXNativeTarget "HankyuTests" */;
			buildPhases = (
				A15E5D5427C50DCB00D5DE61 /* Sources */,
				A15E5D5527C50DCB00D5DE61 /* Frameworks */,
				A15E5D5627C50DCB00D5DE61 /* Resources */,
			);
			buildRules = (
			);
			dependencies = (
				A15E5D5A27C50DCB00D5DE61 /* PBXTargetDependency */,
			);
			name = HankyuTests;
			productName = HankyuTests;
			productReference = A15E5D5827C50DCB00D5DE61 /* HankyuTests.xctest */;
			productType = "com.apple.product-type.bundle.unit-test";
		};
		A15E5D6127C50DCB00D5DE61 /* HankyuUITests */ = {
			isa = PBXNativeTarget;
			buildConfigurationList = A15E5D7227C50DCB00D5DE61 /* Build configuration list for PBXNativeTarget "HankyuUITests" */;
			buildPhases = (
				A15E5D5E27C50DCB00D5DE61 /* Sources */,
				A15E5D5F27C50DCB00D5DE61 /* Frameworks */,
				A15E5D6027C50DCB00D5DE61 /* Resources */,
			);
			buildRules = (
			);
			dependencies = (
				A15E5D6427C50DCB00D5DE61 /* PBXTargetDependency */,
			);
			name = HankyuUITests;
			productName = HankyuUITests;
			productReference = A15E5D6227C50DCB00D5DE61 /* HankyuUITests.xctest */;
			productType = "com.apple.product-type.bundle.ui-testing";
		};
		A192571227F0325C007FBB63 /* HankyuWidgetExtension */ = {
			isa = PBXNativeTarget;
			buildConfigurationList = A192572827F0325D007FBB63 /* Build configuration list for PBXNativeTarget "HankyuWidgetExtension" */;
			buildPhases = (
				A192570F27F0325C007FBB63 /* Sources */,
				A192571027F0325C007FBB63 /* Frameworks */,
				A192571127F0325C007FBB63 /* Resources */,
			);
			buildRules = (
			);
			dependencies = (
			);
			name = HankyuWidgetExtension;
			productName = HankyuWidgetExtension;
			productReference = A192571327F0325C007FBB63 /* HankyuWidgetExtension.appex */;
			productType = "com.apple.product-type.app-extension";
		};
/* End PBXNativeTarget section */

/* Begin PBXProject section */
		A15E5D4027C50DCA00D5DE61 /* Project object */ = {
			isa = PBXProject;
			attributes = {
				BuildIndependentTargetsInParallel = 1;
				LastSwiftUpdateCheck = 1330;
				LastUpgradeCheck = 1320;
				TargetAttributes = {
					A15E5D4727C50DCA00D5DE61 = {
						CreatedOnToolsVersion = 13.2.1;
					};
					A15E5D5727C50DCB00D5DE61 = {
						CreatedOnToolsVersion = 13.2.1;
						TestTargetID = A15E5D4727C50DCA00D5DE61;
					};
					A15E5D6127C50DCB00D5DE61 = {
						CreatedOnToolsVersion = 13.2.1;
						TestTargetID = A15E5D4727C50DCA00D5DE61;
					};
					A192571227F0325C007FBB63 = {
						CreatedOnToolsVersion = 13.3;
					};
				};
			};
			buildConfigurationList = A15E5D4327C50DCA00D5DE61 /* Build configuration list for PBXProject "Hankyu" */;
			compatibilityVersion = "Xcode 13.0";
			developmentRegion = en;
			hasScannedForEncodings = 0;
			knownRegions = (
				en,
				Base,
			);
			mainGroup = A15E5D3F27C50DCA00D5DE61;
			productRefGroup = A15E5D4927C50DCA00D5DE61 /* Products */;
			projectDirPath = "";
			projectRoot = "";
			targets = (
				A15E5D4727C50DCA00D5DE61 /* Hankyu */,
				A15E5D5727C50DCB00D5DE61 /* HankyuTests */,
				A15E5D6127C50DCB00D5DE61 /* HankyuUITests */,
				A192571227F0325C007FBB63 /* HankyuWidgetExtension */,
			);
		};
/* End PBXProject section */

/* Begin PBXResourcesBuildPhase section */
		A15E5D4627C50DCA00D5DE61 /* Resources */ = {
			isa = PBXResourcesBuildPhase;
			buildActionMask = 2147483647;
			files = (
				A15E5D5327C50DCB00D5DE61 /* Preview Assets.xcassets in Resources */,
				A1886BBC27CCC60F00AEF59B /* Station_Kyoto.json in Resources */,
				A15E5D5027C50DCB00D5DE61 /* Assets.xcassets in Resources */,
				A1886BBE27CCC61400AEF59B /* Station_Takarazuka.json in Resources */,
				A1886BC027CCC61C00AEF59B /* Station_Kobe.json in Resources */,
				A179C47227CE392C00B23844 /* Spot.json in Resources */,
			);
			runOnlyForDeploymentPostprocessing = 0;
		};
		A15E5D5627C50DCB00D5DE61 /* Resources */ = {
			isa = PBXResourcesBuildPhase;
			buildActionMask = 2147483647;
			files = (
			);
			runOnlyForDeploymentPostprocessing = 0;
		};
		A15E5D6027C50DCB00D5DE61 /* Resources */ = {
			isa = PBXResourcesBuildPhase;
			buildActionMask = 2147483647;
			files = (
			);
			runOnlyForDeploymentPostprocessing = 0;
		};
		A192571127F0325C007FBB63 /* Resources */ = {
			isa = PBXResourcesBuildPhase;
			buildActionMask = 2147483647;
			files = (
				A192571E27F0325D007FBB63 /* Assets.xcassets in Resources */,
				A192573D27F04FAD007FBB63 /* Station_Kyoto.json in Resources */,
				A192573B27F04FAD007FBB63 /* Station_Takarazuka.json in Resources */,
				A192573C27F04FAD007FBB63 /* Station_Kobe.json in Resources */,
			);
			runOnlyForDeploymentPostprocessing = 0;
		};
/* End PBXResourcesBuildPhase section */

/* Begin PBXSourcesBuildPhase section */
		A15E5D4427C50DCA00D5DE61 /* Sources */ = {
			isa = PBXSourcesBuildPhase;
			buildActionMask = 2147483647;
			files = (
				A1FA605427C8F13B00181AF3 /* NextStationView.swift in Sources */,
				A15E5D7627C50DE100D5DE61 /* StationNumberView.swift in Sources */,
				A17B758527C515A50039972A /* StationNameView.swift in Sources */,
				A1FA605827C8FF3E00181AF3 /* NeighborStationView.swift in Sources */,
				A17B758327C513E10039972A /* MapView.swift in Sources */,
				A1FEE7BF27C8E53D00EE4716 /* LikeButton.swift in Sources */,
				A192572127F0325D007FBB63 /* HankyuWidget.intentdefinition in Sources */,
				A1ABAEC627CC8397004B4C92 /* LineTabView.swift in Sources */,
				A15E5D4E27C50DCA00D5DE61 /* ContentView.swift in Sources */,
				A179C46527CD904600B23844 /* SpotView.swift in Sources */,
				A17B759427C51EB70039972A /* Station.swift in Sources */,
				A179C46C27CE271300B23844 /* Spot.swift in Sources */,
				A11DAAB427C5C3F700B8710C /* StationListView.swift in Sources */,
				A17CB9BA27C941DD008DCEDE /* Line.swift in Sources */,
				A17B759827C51F9D0039972A /* StationRow.swift in Sources */,
				A169BE6027C5374D00FEF67D /* StationDetail.swift in Sources */,
				A15E5D4C27C50DCA00D5DE61 /* HankyuApp.swift in Sources */,
				A17B759627C51F160039972A /* ModelData.swift in Sources */,
				A192573F27F0515C007FBB63 /* LineWidgetView.swift in Sources */,
				A192574227F051AC007FBB63 /* LineRowWidgetView.swift in Sources */,
				A179C46A27CE17F300B23844 /* SpotRow.swift in Sources */,
				A1FA605627C8FD2A00181AF3 /* PreviousStationView.swift in Sources */,
			);
			runOnlyForDeploymentPostprocessing = 0;
		};
		A15E5D5427C50DCB00D5DE61 /* Sources */ = {
			isa = PBXSourcesBuildPhase;
			buildActionMask = 2147483647;
			files = (
				A15E5D5D27C50DCB00D5DE61 /* HankyuTests.swift in Sources */,
			);
			runOnlyForDeploymentPostprocessing = 0;
		};
		A15E5D5E27C50DCB00D5DE61 /* Sources */ = {
			isa = PBXSourcesBuildPhase;
			buildActionMask = 2147483647;
			files = (
				A15E5D6927C50DCB00D5DE61 /* HankyuUITestsLaunchTests.swift in Sources */,
				A15E5D6727C50DCB00D5DE61 /* HankyuUITests.swift in Sources */,
			);
			runOnlyForDeploymentPostprocessing = 0;
		};
		A192570F27F0325C007FBB63 /* Sources */ = {
			isa = PBXSourcesBuildPhase;
			buildActionMask = 2147483647;
			files = (
				A192572027F0325D007FBB63 /* HankyuWidget.intentdefinition in Sources */,
				A192574327F051AC007FBB63 /* LineRowWidgetView.swift in Sources */,
				A192574427F05861007FBB63 /* Station.swift in Sources */,
				A192573727F04FA5007FBB63 /* Spot.swift in Sources */,
				A192571B27F0325C007FBB63 /* HankyuWidget.swift in Sources */,
				A192574027F0517F007FBB63 /* LineWidgetView.swift in Sources */,
				A192573927F04FA5007FBB63 /* Line.swift in Sources */,
				A192573A27F04FA5007FBB63 /* ModelData.swift in Sources */,
			);
			runOnlyForDeploymentPostprocessing = 0;
		};
/* End PBXSourcesBuildPhase section */

/* Begin PBXTargetDependency section */
		A15E5D5A27C50DCB00D5DE61 /* PBXTargetDependency */ = {
			isa = PBXTargetDependency;
			target = A15E5D4727C50DCA00D5DE61 /* Hankyu */;
			targetProxy = A15E5D5927C50DCB00D5DE61 /* PBXContainerItemProxy */;
		};
		A15E5D6427C50DCB00D5DE61 /* PBXTargetDependency */ = {
			isa = PBXTargetDependency;
			target = A15E5D4727C50DCA00D5DE61 /* Hankyu */;
			targetProxy = A15E5D6327C50DCB00D5DE61 /* PBXContainerItemProxy */;
		};
		A192572327F0325D007FBB63 /* PBXTargetDependency */ = {
			isa = PBXTargetDependency;
			target = A192571227F0325C007FBB63 /* HankyuWidgetExtension */;
			targetProxy = A192572227F0325D007FBB63 /* PBXContainerItemProxy */;
		};
/* End PBXTargetDependency section */

/* Begin XCBuildConfiguration section */
		A15E5D6A27C50DCB00D5DE61 /* Debug */ = {
			isa = XCBuildConfiguration;
			buildSettings = {
				ALWAYS_SEARCH_USER_PATHS = NO;
				CLANG_ANALYZER_NONNULL = YES;
				CLANG_ANALYZER_NUMBER_OBJECT_CONVERSION = YES_AGGRESSIVE;
				CLANG_CXX_LANGUAGE_STANDARD = "gnu++17";
				CLANG_CXX_LIBRARY = "libc++";
				CLANG_ENABLE_MODULES = YES;
				CLANG_ENABLE_OBJC_ARC = YES;
				CLANG_ENABLE_OBJC_WEAK = YES;
				CLANG_WARN_BLOCK_CAPTURE_AUTORELEASING = YES;
				CLANG_WARN_BOOL_CONVERSION = YES;
				CLANG_WARN_COMMA = YES;
				CLANG_WARN_CONSTANT_CONVERSION = YES;
				CLANG_WARN_DEPRECATED_OBJC_IMPLEMENTATIONS = YES;
				CLANG_WARN_DIRECT_OBJC_ISA_USAGE = YES_ERROR;
				CLANG_WARN_DOCUMENTATION_COMMENTS = YES;
				CLANG_WARN_EMPTY_BODY = YES;
				CLANG_WARN_ENUM_CONVERSION = YES;
				CLANG_WARN_INFINITE_RECURSION = YES;
				CLANG_WARN_INT_CONVERSION = YES;
				CLANG_WARN_NON_LITERAL_NULL_CONVERSION = YES;
				CLANG_WARN_OBJC_IMPLICIT_RETAIN_SELF = YES;
				CLANG_WARN_OBJC_LITERAL_CONVERSION = YES;
				CLANG_WARN_OBJC_ROOT_CLASS = YES_ERROR;
				CLANG_WARN_QUOTED_INCLUDE_IN_FRAMEWORK_HEADER = YES;
				CLANG_WARN_RANGE_LOOP_ANALYSIS = YES;
				CLANG_WARN_STRICT_PROTOTYPES = YES;
				CLANG_WARN_SUSPICIOUS_MOVE = YES;
				CLANG_WARN_UNGUARDED_AVAILABILITY = YES_AGGRESSIVE;
				CLANG_WARN_UNREACHABLE_CODE = YES;
				CLANG_WARN__DUPLICATE_METHOD_MATCH = YES;
				COPY_PHASE_STRIP = NO;
				DEBUG_INFORMATION_FORMAT = dwarf;
				ENABLE_STRICT_OBJC_MSGSEND = YES;
				ENABLE_TESTABILITY = YES;
				GCC_C_LANGUAGE_STANDARD = gnu11;
				GCC_DYNAMIC_NO_PIC = NO;
				GCC_NO_COMMON_BLOCKS = YES;
				GCC_OPTIMIZATION_LEVEL = 0;
				GCC_PREPROCESSOR_DEFINITIONS = (
					"DEBUG=1",
					"$(inherited)",
				);
				GCC_WARN_64_TO_32_BIT_CONVERSION = YES;
				GCC_WARN_ABOUT_RETURN_TYPE = YES_ERROR;
				GCC_WARN_UNDECLARED_SELECTOR = YES;
				GCC_WARN_UNINITIALIZED_AUTOS = YES_AGGRESSIVE;
				GCC_WARN_UNUSED_FUNCTION = YES;
				GCC_WARN_UNUSED_VARIABLE = YES;
				IPHONEOS_DEPLOYMENT_TARGET = 15.2;
				MTL_ENABLE_DEBUG_INFO = INCLUDE_SOURCE;
				MTL_FAST_MATH = YES;
				ONLY_ACTIVE_ARCH = YES;
				SDKROOT = iphoneos;
				SWIFT_ACTIVE_COMPILATION_CONDITIONS = DEBUG;
				SWIFT_OPTIMIZATION_LEVEL = "-Onone";
			};
			name = Debug;
		};
		A15E5D6B27C50DCB00D5DE61 /* Release */ = {
			isa = XCBuildConfiguration;
			buildSettings = {
				ALWAYS_SEARCH_USER_PATHS = NO;
				CLANG_ANALYZER_NONNULL = YES;
				CLANG_ANALYZER_NUMBER_OBJECT_CONVERSION = YES_AGGRESSIVE;
				CLANG_CXX_LANGUAGE_STANDARD = "gnu++17";
				CLANG_CXX_LIBRARY = "libc++";
				CLANG_ENABLE_MODULES = YES;
				CLANG_ENABLE_OBJC_ARC = YES;
				CLANG_ENABLE_OBJC_WEAK = YES;
				CLANG_WARN_BLOCK_CAPTURE_AUTORELEASING = YES;
				CLANG_WARN_BOOL_CONVERSION = YES;
				CLANG_WARN_COMMA = YES;
				CLANG_WARN_CONSTANT_CONVERSION = YES;
				CLANG_WARN_DEPRECATED_OBJC_IMPLEMENTATIONS = YES;
				CLANG_WARN_DIRECT_OBJC_ISA_USAGE = YES_ERROR;
				CLANG_WARN_DOCUMENTATION_COMMENTS = YES;
				CLANG_WARN_EMPTY_BODY = YES;
				CLANG_WARN_ENUM_CONVERSION = YES;
				CLANG_WARN_INFINITE_RECURSION = YES;
				CLANG_WARN_INT_CONVERSION = YES;
				CLANG_WARN_NON_LITERAL_NULL_CONVERSION = YES;
				CLANG_WARN_OBJC_IMPLICIT_RETAIN_SELF = YES;
				CLANG_WARN_OBJC_LITERAL_CONVERSION = YES;
				CLANG_WARN_OBJC_ROOT_CLASS = YES_ERROR;
				CLANG_WARN_QUOTED_INCLUDE_IN_FRAMEWORK_HEADER = YES;
				CLANG_WARN_RANGE_LOOP_ANALYSIS = YES;
				CLANG_WARN_STRICT_PROTOTYPES = YES;
				CLANG_WARN_SUSPICIOUS_MOVE = YES;
				CLANG_WARN_UNGUARDED_AVAILABILITY = YES_AGGRESSIVE;
				CLANG_WARN_UNREACHABLE_CODE = YES;
				CLANG_WARN__DUPLICATE_METHOD_MATCH = YES;
				COPY_PHASE_STRIP = NO;
				DEBUG_INFORMATION_FORMAT = "dwarf-with-dsym";
				ENABLE_NS_ASSERTIONS = NO;
				ENABLE_STRICT_OBJC_MSGSEND = YES;
				GCC_C_LANGUAGE_STANDARD = gnu11;
				GCC_NO_COMMON_BLOCKS = YES;
				GCC_WARN_64_TO_32_BIT_CONVERSION = YES;
				GCC_WARN_ABOUT_RETURN_TYPE = YES_ERROR;
				GCC_WARN_UNDECLARED_SELECTOR = YES;
				GCC_WARN_UNINITIALIZED_AUTOS = YES_AGGRESSIVE;
				GCC_WARN_UNUSED_FUNCTION = YES;
				GCC_WARN_UNUSED_VARIABLE = YES;
				IPHONEOS_DEPLOYMENT_TARGET = 15.2;
				MTL_ENABLE_DEBUG_INFO = NO;
				MTL_FAST_MATH = YES;
				SDKROOT = iphoneos;
				SWIFT_COMPILATION_MODE = wholemodule;
				SWIFT_OPTIMIZATION_LEVEL = "-O";
				VALIDATE_PRODUCT = YES;
			};
			name = Release;
		};
		A15E5D6D27C50DCB00D5DE61 /* Debug */ = {
			isa = XCBuildConfiguration;
			buildSettings = {
				ALWAYS_EMBED_SWIFT_STANDARD_LIBRARIES = YES;
				ASSETCATALOG_COMPILER_APPICON_NAME = AppIcon;
				ASSETCATALOG_COMPILER_GLOBAL_ACCENT_COLOR_NAME = AccentColor;
				CODE_SIGN_STYLE = Automatic;
				CURRENT_PROJECT_VERSION = 1;
				DEVELOPMENT_ASSET_PATHS = "\"Hankyu/Preview Content\"";
				DEVELOPMENT_TEAM = YUH8WT596Y;
				ENABLE_PREVIEWS = YES;
				GENERATE_INFOPLIST_FILE = YES;
				INFOPLIST_KEY_UIApplicationSceneManifest_Generation = YES;
				INFOPLIST_KEY_UIApplicationSupportsIndirectInputEvents = YES;
				INFOPLIST_KEY_UILaunchScreen_Generation = YES;
				INFOPLIST_KEY_UISupportedInterfaceOrientations_iPad = "UIInterfaceOrientationPortrait UIInterfaceOrientationPortraitUpsideDown UIInterfaceOrientationLandscapeLeft UIInterfaceOrientationLandscapeRight";
				INFOPLIST_KEY_UISupportedInterfaceOrientations_iPhone = "UIInterfaceOrientationPortrait UIInterfaceOrientationLandscapeLeft UIInterfaceOrientationLandscapeRight";
				IPHONEOS_DEPLOYMENT_TARGET = 15.2;
				LD_RUNPATH_SEARCH_PATHS = (
					"$(inherited)",
					"@executable_path/Frameworks",
				);
				MARKETING_VERSION = 1.0;
				PRODUCT_BUNDLE_IDENTIFIER = Sample.2022.Hankyu;
				PRODUCT_NAME = "$(TARGET_NAME)";
				SWIFT_EMIT_LOC_STRINGS = YES;
				SWIFT_VERSION = 5.0;
				TARGETED_DEVICE_FAMILY = "1,2";
			};
			name = Debug;
		};
		A15E5D6E27C50DCB00D5DE61 /* Release */ = {
			isa = XCBuildConfiguration;
			buildSettings = {
				ALWAYS_EMBED_SWIFT_STANDARD_LIBRARIES = YES;
				ASSETCATALOG_COMPILER_APPICON_NAME = AppIcon;
				ASSETCATALOG_COMPILER_GLOBAL_ACCENT_COLOR_NAME = AccentColor;
				CODE_SIGN_STYLE = Automatic;
				CURRENT_PROJECT_VERSION = 1;
				DEVELOPMENT_ASSET_PATHS = "\"Hankyu/Preview Content\"";
				DEVELOPMENT_TEAM = YUH8WT596Y;
				ENABLE_PREVIEWS = YES;
				GENERATE_INFOPLIST_FILE = YES;
				INFOPLIST_KEY_UIApplicationSceneManifest_Generation = YES;
				INFOPLIST_KEY_UIApplicationSupportsIndirectInputEvents = YES;
				INFOPLIST_KEY_UILaunchScreen_Generation = YES;
				INFOPLIST_KEY_UISupportedInterfaceOrientations_iPad = "UIInterfaceOrientationPortrait UIInterfaceOrientationPortraitUpsideDown UIInterfaceOrientationLandscapeLeft UIInterfaceOrientationLandscapeRight";
				INFOPLIST_KEY_UISupportedInterfaceOrientations_iPhone = "UIInterfaceOrientationPortrait UIInterfaceOrientationLandscapeLeft UIInterfaceOrientationLandscapeRight";
				IPHONEOS_DEPLOYMENT_TARGET = 15.2;
				LD_RUNPATH_SEARCH_PATHS = (
					"$(inherited)",
					"@executable_path/Frameworks",
				);
				MARKETING_VERSION = 1.0;
				PRODUCT_BUNDLE_IDENTIFIER = Sample.2022.Hankyu;
				PRODUCT_NAME = "$(TARGET_NAME)";
				SWIFT_EMIT_LOC_STRINGS = YES;
				SWIFT_VERSION = 5.0;
				TARGETED_DEVICE_FAMILY = "1,2";
			};
			name = Release;
		};
		A15E5D7027C50DCB00D5DE61 /* Debug */ = {
			isa = XCBuildConfiguration;
			buildSettings = {
				ALWAYS_EMBED_SWIFT_STANDARD_LIBRARIES = YES;
				BUNDLE_LOADER = "$(TEST_HOST)";
				CODE_SIGN_STYLE = Automatic;
				CURRENT_PROJECT_VERSION = 1;
				DEVELOPMENT_TEAM = YUH8WT596Y;
				GENERATE_INFOPLIST_FILE = YES;
				IPHONEOS_DEPLOYMENT_TARGET = 15.2;
				MARKETING_VERSION = 1.0;
				PRODUCT_BUNDLE_IDENTIFIER = Sample.HankyuTests;
				PRODUCT_NAME = "$(TARGET_NAME)";
				SWIFT_EMIT_LOC_STRINGS = NO;
				SWIFT_VERSION = 5.0;
				TARGETED_DEVICE_FAMILY = "1,2";
				TEST_HOST = "$(BUILT_PRODUCTS_DIR)/Hankyu.app/Hankyu";
			};
			name = Debug;
		};
		A15E5D7127C50DCB00D5DE61 /* Release */ = {
			isa = XCBuildConfiguration;
			buildSettings = {
				ALWAYS_EMBED_SWIFT_STANDARD_LIBRARIES = YES;
				BUNDLE_LOADER = "$(TEST_HOST)";
				CODE_SIGN_STYLE = Automatic;
				CURRENT_PROJECT_VERSION = 1;
				DEVELOPMENT_TEAM = YUH8WT596Y;
				GENERATE_INFOPLIST_FILE = YES;
				IPHONEOS_DEPLOYMENT_TARGET = 15.2;
				MARKETING_VERSION = 1.0;
				PRODUCT_BUNDLE_IDENTIFIER = Sample.HankyuTests;
				PRODUCT_NAME = "$(TARGET_NAME)";
				SWIFT_EMIT_LOC_STRINGS = NO;
				SWIFT_VERSION = 5.0;
				TARGETED_DEVICE_FAMILY = "1,2";
				TEST_HOST = "$(BUILT_PRODUCTS_DIR)/Hankyu.app/Hankyu";
			};
			name = Release;
		};
		A15E5D7327C50DCB00D5DE61 /* Debug */ = {
			isa = XCBuildConfiguration;
			buildSettings = {
				ALWAYS_EMBED_SWIFT_STANDARD_LIBRARIES = YES;
				CODE_SIGN_STYLE = Automatic;
				CURRENT_PROJECT_VERSION = 1;
				DEVELOPMENT_TEAM = YUH8WT596Y;
				GENERATE_INFOPLIST_FILE = YES;
				MARKETING_VERSION = 1.0;
				PRODUCT_BUNDLE_IDENTIFIER = Sample.HankyuUITests;
				PRODUCT_NAME = "$(TARGET_NAME)";
				SWIFT_EMIT_LOC_STRINGS = NO;
				SWIFT_VERSION = 5.0;
				TARGETED_DEVICE_FAMILY = "1,2";
				TEST_TARGET_NAME = Hankyu;
			};
			name = Debug;
		};
		A15E5D7427C50DCB00D5DE61 /* Release */ = {
			isa = XCBuildConfiguration;
			buildSettings = {
				ALWAYS_EMBED_SWIFT_STANDARD_LIBRARIES = YES;
				CODE_SIGN_STYLE = Automatic;
				CURRENT_PROJECT_VERSION = 1;
				DEVELOPMENT_TEAM = YUH8WT596Y;
				GENERATE_INFOPLIST_FILE = YES;
				MARKETING_VERSION = 1.0;
				PRODUCT_BUNDLE_IDENTIFIER = Sample.HankyuUITests;
				PRODUCT_NAME = "$(TARGET_NAME)";
				SWIFT_EMIT_LOC_STRINGS = NO;
				SWIFT_VERSION = 5.0;
				TARGETED_DEVICE_FAMILY = "1,2";
				TEST_TARGET_NAME = Hankyu;
			};
			name = Release;
		};
		A192572627F0325D007FBB63 /* Debug */ = {
			isa = XCBuildConfiguration;
			buildSettings = {
				ASSETCATALOG_COMPILER_GLOBAL_ACCENT_COLOR_NAME = AccentColor;
				ASSETCATALOG_COMPILER_WIDGET_BACKGROUND_COLOR_NAME = WidgetBackground;
				CODE_SIGN_STYLE = Automatic;
				CURRENT_PROJECT_VERSION = 1;
				DEVELOPMENT_TEAM = YUH8WT596Y;
				GENERATE_INFOPLIST_FILE = YES;
				INFOPLIST_FILE = HankyuWidget/Info.plist;
				INFOPLIST_KEY_CFBundleDisplayName = HankyuWidget;
				INFOPLIST_KEY_NSHumanReadableCopyright = "";
				IPHONEOS_DEPLOYMENT_TARGET = 15.4;
				LD_RUNPATH_SEARCH_PATHS = (
					"$(inherited)",
					"@executable_path/Frameworks",
					"@executable_path/../../Frameworks",
				);
				MARKETING_VERSION = 1.0;
				PRODUCT_BUNDLE_IDENTIFIER = Sample.2022.Hankyu.HankyuWidget;
				PRODUCT_NAME = "$(TARGET_NAME)";
				SKIP_INSTALL = YES;
				SWIFT_EMIT_LOC_STRINGS = YES;
				SWIFT_VERSION = 5.0;
				TARGETED_DEVICE_FAMILY = "1,2";
			};
			name = Debug;
		};
		A192572727F0325D007FBB63 /* Release */ = {
			isa = XCBuildConfiguration;
			buildSettings = {
				ASSETCATALOG_COMPILER_GLOBAL_ACCENT_COLOR_NAME = AccentColor;
				ASSETCATALOG_COMPILER_WIDGET_BACKGROUND_COLOR_NAME = WidgetBackground;
				CODE_SIGN_STYLE = Automatic;
				CURRENT_PROJECT_VERSION = 1;
				DEVELOPMENT_TEAM = YUH8WT596Y;
				GENERATE_INFOPLIST_FILE = YES;
				INFOPLIST_FILE = HankyuWidget/Info.plist;
				INFOPLIST_KEY_CFBundleDisplayName = HankyuWidget;
				INFOPLIST_KEY_NSHumanReadableCopyright = "";
				IPHONEOS_DEPLOYMENT_TARGET = 15.4;
				LD_RUNPATH_SEARCH_PATHS = (
					"$(inherited)",
					"@executable_path/Frameworks",
					"@executable_path/../../Frameworks",
				);
				MARKETING_VERSION = 1.0;
				PRODUCT_BUNDLE_IDENTIFIER = Sample.2022.Hankyu.HankyuWidget;
				PRODUCT_NAME = "$(TARGET_NAME)";
				SKIP_INSTALL = YES;
				SWIFT_EMIT_LOC_STRINGS = YES;
				SWIFT_VERSION = 5.0;
				TARGETED_DEVICE_FAMILY = "1,2";
			};
			name = Release;
		};
/* End XCBuildConfiguration section */

/* Begin XCConfigurationList section */
		A15E5D4327C50DCA00D5DE61 /* Build configuration list for PBXProject "Hankyu" */ = {
			isa = XCConfigurationList;
			buildConfigurations = (
				A15E5D6A27C50DCB00D5DE61 /* Debug */,
				A15E5D6B27C50DCB00D5DE61 /* Release */,
			);
			defaultConfigurationIsVisible = 0;
			defaultConfigurationName = Release;
		};
		A15E5D6C27C50DCB00D5DE61 /* Build configuration list for PBXNativeTarget "Hankyu" */ = {
			isa = XCConfigurationList;
			buildConfigurations = (
				A15E5D6D27C50DCB00D5DE61 /* Debug */,
				A15E5D6E27C50DCB00D5DE61 /* Release */,
			);
			defaultConfigurationIsVisible = 0;
			defaultConfigurationName = Release;
		};
		A15E5D6F27C50DCB00D5DE61 /* Build configuration list for PBXNativeTarget "HankyuTests" */ = {
			isa = XCConfigurationList;
			buildConfigurations = (
				A15E5D7027C50DCB00D5DE61 /* Debug */,
				A15E5D7127C50DCB00D5DE61 /* Release */,
			);
			defaultConfigurationIsVisible = 0;
			defaultConfigurationName = Release;
		};
		A15E5D7227C50DCB00D5DE61 /* Build configuration list for PBXNativeTarget "HankyuUITests" */ = {
			isa = XCConfigurationList;
			buildConfigurations = (
				A15E5D7327C50DCB00D5DE61 /* Debug */,
				A15E5D7427C50DCB00D5DE61 /* Release */,
			);
			defaultConfigurationIsVisible = 0;
			defaultConfigurationName = Release;
		};
		A192572827F0325D007FBB63 /* Build configuration list for PBXNativeTarget "HankyuWidgetExtension" */ = {
			isa = XCConfigurationList;
			buildConfigurations = (
				A192572627F0325D007FBB63 /* Debug */,
				A192572727F0325D007FBB63 /* Release */,
			);
			defaultConfigurationIsVisible = 0;
			defaultConfigurationName = Release;
		};
/* End XCConfigurationList section */
	};
	rootObject = A15E5D4027C50DCA00D5DE61 /* Project object */;
}
